
Microsoft Visual Studio Solution File, Format Version 12.00
# Visual Studio Version 17
VisualStudioVersion = 17.1.32421.90
MinimumVisualStudioVersion = 10.0.40219.1
Project("{9A19103F-16F7-4668-BE54-9A1E7A4F7556}") = "Partita", "PersonalLib\Partita.csproj", "{A780BC7A-C0FA-4602-A34B-684B67351F82}"
EndProject
Project("{9A19103F-16F7-4668-BE54-9A1E7A4F7556}") = "ConsoleProgram", "ConsoleProgram\ConsoleProgram.csproj", "{0031B178-2BC3-47E3-BC59-6215C5FC6C55}"
EndProject
Project("{9A19103F-16F7-4668-BE54-9A1E7A4F7556}") = "ZFrame", "UnityFramework\ZFrame.csproj", "{C1683435-A1FD-4649-BA02-637E34BEEB42}"
EndProject
Project("{9A19103F-16F7-4668-BE54-9A1E7A4F7556}") = "JFrame", "JFrame\JFrame.csproj", "{DB8BC7C5-5A58-47E4-96DA-9F261C59A90D}"
EndProject
Project("{FAE04EC0-301F-11D3-BF4B-00C04F79EFBC}") = "AutomaticMVC", "AutomaticMVC\AutomaticMVC.csproj", "{8A496A6C-BBC2-4591-B1AF-C0C7164A7CD8}"
EndProject
Project("{2150E333-8FDC-42A3-9474-1A3956D46DE8}") = "Solution Items", "Solution Items", "{28B8B17C-EFA8-432F-86A5-B6C47CA8FB5B}"
	ProjectSection(SolutionItems) = preProject
		.editorconfig = .editorconfig
	EndProjectSection
EndProject
Global
	GlobalSection(SolutionConfigurationPlatforms) = preSolution
		Debug|Any CPU = Debug|Any CPU
		Release|Any CPU = Release|Any CPU
	EndGlobalSection
	GlobalSection(ProjectConfigurationPlatforms) = postSolution
		{A780BC7A-C0FA-4602-A34B-684B67351F82}.Debug|Any CPU.ActiveCfg = Debug|Any CPU
		{A780BC7A-C0FA-4602-A34B-684B67351F82}.Debug|Any CPU.Build.0 = Debug|Any CPU
		{A780BC7A-C0FA-4602-A34B-684B67351F82}.Release|Any CPU.ActiveCfg = Release|Any CPU
		{A780BC7A-C0FA-4602-A34B-684B67351F82}.Release|Any CPU.Build.0 = Release|Any CPU
		{0031B178-2BC3-47E3-BC59-6215C5FC6C55}.Debug|Any CPU.ActiveCfg = Debug|Any CPU
		{0031B178-2BC3-47E3-BC59-6215C5FC6C55}.Debug|Any CPU.Build.0 = Debug|Any CPU
		{0031B178-2BC3-47E3-BC59-6215C5FC6C55}.Release|Any CPU.ActiveCfg = Release|Any CPU
		{0031B178-2BC3-47E3-BC59-6215C5FC6C55}.Release|Any CPU.Build.0 = Release|Any CPU
		{C1683435-A1FD-4649-BA02-637E34BEEB42}.Debug|Any CPU.ActiveCfg = Debug|Any CPU
		{C1683435-A1FD-4649-BA02-637E34BEEB42}.Debug|Any CPU.Build.0 = Debug|Any CPU
		{C1683435-A1FD-4649-BA02-637E34BEEB42}.Release|Any CPU.ActiveCfg = Release|Any CPU
		{C1683435-A1FD-4649-BA02-637E34BEEB42}.Release|Any CPU.Build.0 = Release|Any CPU
		{DB8BC7C5-5A58-47E4-96DA-9F261C59A90D}.Debug|Any CPU.ActiveCfg = Debug|Any CPU
		{DB8BC7C5-5A58-47E4-96DA-9F261C59A90D}.Debug|Any CPU.Build.0 = Debug|Any CPU
		{DB8BC7C5-5A58-47E4-96DA-9F261C59A90D}.Release|Any CPU.ActiveCfg = Release|Any CPU
		{DB8BC7C5-5A58-47E4-96DA-9F261C59A90D}.Release|Any CPU.Build.0 = Release|Any CPU
		{8A496A6C-BBC2-4591-B1AF-C0C7164A7CD8}.Debug|Any CPU.ActiveCfg = Debug|Any CPU
		{8A496A6C-BBC2-4591-B1AF-C0C7164A7CD8}.Debug|Any CPU.Build.0 = Debug|Any CPU
		{8A496A6C-BBC2-4591-B1AF-C0C7164A7CD8}.Release|Any CPU.ActiveCfg = Release|Any CPU
		{8A496A6C-BBC2-4591-B1AF-C0C7164A7CD8}.Release|Any CPU.Build.0 = Release|Any CPU
	EndGlobalSection
	GlobalSection(SolutionProperties) = preSolution
		HideSolutionNode = FALSE
	EndGlobalSection
	GlobalSection(ExtensibilityGlobals) = postSolution
		SolutionGuid = {6EE3CDCF-4D8D-49E9-8928-86C00A55C1CB}
	EndGlobalSection
EndGlobal
